
Microsoft Visual Studio Solution File, Format Version 12.00
# Visual Studio Version 17
VisualStudioVersion = 17.14.36310.24 d17.14
MinimumVisualStudioVersion = 10.0.40219.1
Project("{FAE04EC0-301F-11D3-BF4B-00C04F79EFBC}") = "ClaimFraudAPI", "MachineLearn\ClaimFraudAPI.csproj", "{089EBC6B-6EEA-494A-B061-76131BE1AD25}"
EndProject
Global
	GlobalSection(SolutionConfigurationPlatforms) = preSolution
		Debug|Any CPU = Debug|Any CPU
		Release|Any CPU = Release|Any CPU
	EndGlobalSection
	GlobalSection(ProjectConfigurationPlatforms) = postSolution
		{089EBC6B-6EEA-494A-B061-76131BE1AD25}.Debug|Any CPU.ActiveCfg = Debug|Any CPU
		{089EBC6B-6EEA-494A-B061-76131BE1AD25}.Debug|Any CPU.Build.0 = Debug|Any CPU
		{089EBC6B-6EEA-494A-B061-76131BE1AD25}.Release|Any CPU.ActiveCfg = Release|Any CPU
		{089EBC6B-6EEA-494A-B061-76131BE1AD25}.Release|Any CPU.Build.0 = Release|Any CPU
	EndGlobalSection
	GlobalSection(SolutionProperties) = preSolution
		HideSolutionNode = FALSE
	EndGlobalSection
	GlobalSection(ExtensibilityGlobals) = postSolution
		SolutionGuid = {FFDB03ED-28A4-4D8B-AEF2-315FD8B3B267}
	EndGlobalSection
EndGlobal
